// !$*UTF8*$!
{
	archiveVersion = 1;
	classes = {
	};
	objectVersion = 46;
	objects = {

/* Begin PBXBuildFile section */
		860A944C1CFA33CF005BF42A /* AppDelegate.swift in Sources */ = {isa = PBXBuildFile; fileRef = 860A944B1CFA33CF005BF42A /* AppDelegate.swift */; };
		860A944E1CFA33CF005BF42A /* ViewController.swift in Sources */ = {isa = PBXBuildFile; fileRef = 860A944D1CFA33CF005BF42A /* ViewController.swift */; };
		860A94511CFA33CF005BF42A /* Main.storyboard in Resources */ = {isa = PBXBuildFile; fileRef = 860A944F1CFA33CF005BF42A /* Main.storyboard */; };
		860A94531CFA33CF005BF42A /* Assets.xcassets in Resources */ = {isa = PBXBuildFile; fileRef = 860A94521CFA33CF005BF42A /* Assets.xcassets */; };
		860A94561CFA33CF005BF42A /* LaunchScreen.storyboard in Resources */ = {isa = PBXBuildFile; fileRef = 860A94541CFA33CF005BF42A /* LaunchScreen.storyboard */; };
		860A94601CFA405D005BF42A /* TableViewController.swift in Sources */ = {isa = PBXBuildFile; fileRef = 860A945F1CFA405D005BF42A /* TableViewController.swift */; };
		860A94621CFA5A96005BF42A /* CoreLocation.framework in Frameworks */ = {isa = PBXBuildFile; fileRef = 860A94611CFA5A96005BF42A /* CoreLocation.framework */; };
/* End PBXBuildFile section */

/* Begin PBXFileReference section */
		860A94481CFA33CF005BF42A /* Memorable Places.app */ = {isa = PBXFileReference; explicitFileType = wrapper.application; includeInIndex = 0; path = "Memorable Places.app"; sourceTree = BUILT_PRODUCTS_DIR; };
		860A944B1CFA33CF005BF42A /* AppDelegate.swift */ = {isa = PBXFileReference; lastKnownFileType = sourcecode.swift; path = AppDelegate.swift; sourceTree = "<group>"; };
		860A944D1CFA33CF005BF42A /* ViewController.swift */ = {isa = PBXFileReference; lastKnownFileType = sourcecode.swift; path = ViewController.swift; sourceTree = "<group>"; };
		860A94501CFA33CF005BF42A /* Base */ = {isa = PBXFileReference; lastKnownFileType = file.storyboard; name = Base; path = Base.lproj/Main.storyboard; sourceTree = "<group>"; };
		860A94521CFA33CF005BF42A /* Assets.xcassets */ = {isa = PBXFileReference; lastKnownFileType = folder.assetcatalog; path = Assets.xcassets; sourceTree = "<group>"; };
		860A94551CFA33CF005BF42A /* Base */ = {isa = PBXFileReference; lastKnownFileType = file.storyboard; name = Base; path = Base.lproj/LaunchScreen.storyboard; sourceTree = "<group>"; };
		860A94571CFA33CF005BF42A /* Info.plist */ = {isa = PBXFileReference; lastKnownFileType = text.plist.xml; path = Info.plist; sourceTree = "<group>"; };
		860A945F1CFA405D005BF42A /* TableViewController.swift */ = {isa = PBXFileReference; fileEncoding = 4; lastKnownFileType = sourcecode.swift; name = TableViewController.swift; path = ../TableViewController.swift; sourceTree = "<group>"; };
		860A94611CFA5A96005BF42A /* CoreLocation.framework */ = {isa = PBXFileReference; lastKnownFileType = wrapper.framework; name = CoreLocation.framework; path = System/Library/Frameworks/CoreLocation.framework; sourceTree = SDKROOT; };
/* End PBXFileReference section */

/* Begin PBXFrameworksBuildPhase section */
		860A94451CFA33CF005BF42A /* Frameworks */ = {
			isa = PBXFrameworksBuildPhase;
			buildActionMask = 2147483647;
			files = (
				860A94621CFA5A96005BF42A /* CoreLocation.framework in Frameworks */,
			);
			runOnlyForDeploymentPostprocessing = 0;
		};
/* End PBXFrameworksBuildPhase section */

/* Begin PBXGroup section */
		860A943F1CFA33CF005BF42A = {
			isa = PBXGroup;
			children = (
				860A94611CFA5A96005BF42A /* CoreLocation.framework */,
				860A944A1CFA33CF005BF42A /* Memorable Places */,
				860A94491CFA33CF005BF42A /* Products */,
			);
			sourceTree = "<group>";
		};
		860A94491CFA33CF005BF42A /* Products */ = {
			isa = PBXGroup;
			children = (
				860A94481CFA33CF005BF42A /* Memorable Places.app */,
			);
			name = Products;
			sourceTree = "<group>";
		};
		860A944A1CFA33CF005BF42A /* Memorable Places */ = {
			isa = PBXGroup;
			children = (
				860A944B1CFA33CF005BF42A /* AppDelegate.swift */,
				860A944D1CFA33CF005BF42A /* ViewController.swift */,
				860A945F1CFA405D005BF42A /* TableViewController.swift */,
				860A944F1CFA33CF005BF42A /* Main.storyboard */,
				860A94521CFA33CF005BF42A /* Assets.xcassets */,
				860A94541CFA33CF005BF42A /* LaunchScreen.storyboard */,
				860A94571CFA33CF005BF42A /* Info.plist */,
			);
			path = "Memorable Places";
			sourceTree = "<group>";
		};
/* End PBXGroup section */

/* Begin PBXNativeTarget section */
		860A94471CFA33CF005BF42A /* Memorable Places */ = {
			isa = PBXNativeTarget;
			buildConfigurationList = 860A945A1CFA33CF005BF42A /* Build configuration list for PBXNativeTarget "Memorable Places" */;
			buildPhases = (
				860A94441CFA33CF005BF42A /* Sources */,
				860A94451CFA33CF005BF42A /* Frameworks */,
				860A94461CFA33CF005BF42A /* Resources */,
			);
			buildRules = (
			);
			dependencies = (
			);
			name = "Memorable Places";
			productName = "Memorable Places";
			productReference = 860A94481CFA33CF005BF42A /* Memorable Places.app */;
			productType = "com.apple.product-type.application";
		};
/* End PBXNativeTarget section */

/* Begin PBXProject section */
		860A94401CFA33CF005BF42A /* Project object */ = {
			isa = PBXProject;
			attributes = {
				LastSwiftUpdateCheck = 0730;
				LastUpgradeCheck = 0730;
				ORGANIZATIONNAME = "Vladislav Fedotovskiy";
				TargetAttributes = {
					860A94471CFA33CF005BF42A = {
						CreatedOnToolsVersion = 7.3.1;
						DevelopmentTeam = GJRV5642VJ;
						LastSwiftMigration = 0830;
					};
				};
			};
			buildConfigurationList = 860A94431CFA33CF005BF42A /* Build configuration list for PBXProject "Memorable Places" */;
			compatibilityVersion = "Xcode 3.2";
			developmentRegion = English;
			hasScannedForEncodings = 0;
			knownRegions = (
				en,
				Base,
			);
			mainGroup = 860A943F1CFA33CF005BF42A;
			productRefGroup = 860A94491CFA33CF005BF42A /* Products */;
			projectDirPath = "";
			projectRoot = "";
			targets = (
				860A94471CFA33CF005BF42A /* Memorable Places */,
			);
		};
/* End PBXProject section */

/* Begin PBXResourcesBuildPhase section */
		860A94461CFA33CF005BF42A /* Resources */ = {
			isa = PBXResourcesBuildPhase;
			buildActionMask = 2147483647;
			files = (
				860A94561CFA33CF005BF42A /* LaunchScreen.storyboard in Resources */,
				860A94531CFA33CF005BF42A /* Assets.xcassets in Resources */,
				860A94511CFA33CF005BF42A /* Main.storyboard in Resources */,
			);
			runOnlyForDeploymentPostprocessing = 0;
		};
/* End PBXResourcesBuildPhase section */

/* Begin PBXSourcesBuildPhase section */
		860A94441CFA33CF005BF42A /* Sources */ = {
			isa = PBXSourcesBuildPhase;
			buildActionMask = 2147483647;
			files = (
				860A944E1CFA33CF005BF42A /* ViewController.swift in Sources */,
				860A94601CFA405D005BF42A /* TableViewController.swift in Sources */,
				860A944C1CFA33CF005BF42A /* AppDelegate.swift in Sources */,
			);
			runOnlyForDeploymentPostprocessing = 0;
		};
/* End PBXSourcesBuildPhase section */

/* Begin PBXVariantGroup section */
		860A944F1CFA33CF005BF42A /* Main.storyboard */ = {
			isa = PBXVariantGroup;
			children = (
				860A94501CFA33CF005BF42A /* Base */,
			);
			name = Main.storyboard;
			sourceTree = "<group>";
		};
		860A94541CFA33CF005BF42A /* LaunchScreen.storyboard */ = {
			isa = PBXVariantGroup;
			children = (
				860A94551CFA33CF005BF42A /* Base */,
			);
			name = LaunchScreen.storyboard;
			sourceTree = "<group>";
		};
/* End PBXVariantGroup section */

/* Begin XCBuildConfiguration section */
		860A94581CFA33CF005BF42A /* Debug */ = {
			isa = XCBuildConfiguration;
			buildSettings = {
				ALWAYS_SEARCH_USER_PATHS = NO;
				CLANG_ANALYZER_NONNULL = YES;
				CLANG_CXX_LANGUAGE_STANDARD = "gnu++0x";
				CLANG_CXX_LIBRARY = "libc++";
				CLANG_ENABLE_MODULES = YES;
				CLANG_ENABLE_OBJC_ARC = YES;
				CLANG_WARN_BOOL_CONVERSION = YES;
				CLANG_WARN_CONSTANT_CONVERSION = YES;
				CLANG_WARN_DIRECT_OBJC_ISA_USAGE = YES_ERROR;
				CLANG_WARN_EMPTY_BODY = YES;
				CLANG_WARN_ENUM_CONVERSION = YES;
				CLANG_WARN_INT_CONVERSION = YES;
				CLANG_WARN_OBJC_ROOT_CLASS = YES_ERROR;
				CLANG_WARN_UNREACHABLE_CODE = YES;
				CLANG_WARN__DUPLICATE_METHOD_MATCH = YES;
				"CODE_SIGN_IDENTITY[sdk=iphoneos*]" = "iPhone Developer";
				COPY_PHASE_STRIP = NO;
				DEBUG_INFORMATION_FORMAT = dwarf;
				ENABLE_STRICT_OBJC_MSGSEND = YES;
				ENABLE_TESTABILITY = YES;
				GCC_C_LANGUAGE_STANDARD = gnu99;
				GCC_DYNAMIC_NO_PIC = NO;
				GCC_NO_COMMON_BLOCKS = YES;
				GCC_OPTIMIZATION_LEVEL = 0;
				GCC_PREPROCESSOR_DEFINITIONS = (
					"DEBUG=1",
					"$(inherited)",
				);
				GCC_WARN_64_TO_32_BIT_CONVERSION = YES;
				GCC_WARN_ABOUT_RETURN_TYPE = YES_ERROR;
				GCC_WARN_UNDECLARED_SELECTOR = YES;
				GCC_WARN_UNINITIALIZED_AUTOS = YES_AGGRESSIVE;
				GCC_WARN_UNUSED_FUNCTION = YES;
				GCC_WARN_UNUSED_VARIABLE = YES;
				IPHONEOS_DEPLOYMENT_TARGET = 9.3;
				MTL_ENABLE_DEBUG_INFO = YES;
				ONLY_ACTIVE_ARCH = YES;
				SDKROOT = iphoneos;
				SWIFT_OPTIMIZATION_LEVEL = "-Onone";
			};
			name = Debug;
		};
		860A94591CFA33CF005BF42A /* Release */ = {
			isa = XCBuildConfiguration;
			buildSettings = {
				ALWAYS_SEARCH_USER_PATHS = NO;
				CLANG_ANALYZER_NONNULL = YES;
				CLANG_CXX_LANGUAGE_STANDARD = "gnu++0x";
				CLANG_CXX_LIBRARY = "libc++";
				CLANG_ENABLE_MODULES = YES;
				CLANG_ENABLE_OBJC_ARC = YES;
				CLANG_WARN_BOOL_CONVERSION = YES;
				CLANG_WARN_CONSTANT_CONVERSION = YES;
				CLANG_WARN_DIRECT_OBJC_ISA_USAGE = YES_ERROR;
				CLANG_WARN_EMPTY_BODY = YES;
				CLANG_WARN_ENUM_CONVERSION = YES;
				CLANG_WARN_INT_CONVERSION = YES;
				CLANG_WARN_OBJC_ROOT_CLASS = YES_ERROR;
				CLANG_WARN_UNREACHABLE_CODE = YES;
				CLANG_WARN__DUPLICATE_METHOD_MATCH = YES;
				"CODE_SIGN_IDENTITY[sdk=iphoneos*]" = "iPhone Developer";
				COPY_PHASE_STRIP = NO;
				DEBUG_INFORMATION_FORMAT = "dwarf-with-dsym";
				ENABLE_NS_ASSERTIONS = NO;
				ENABLE_STRICT_OBJC_MSGSEND = YES;
				GCC_C_LANGUAGE_STANDARD = gnu99;
				GCC_NO_COMMON_BLOCKS = YES;
				GCC_WARN_64_TO_32_BIT_CONVERSION = YES;
				GCC_WARN_ABOUT_RETURN_TYPE = YES_ERROR;
				GCC_WARN_UNDECLARED_SELECTOR = YES;
				GCC_WARN_UNINITIALIZED_AUTOS = YES_AGGRESSIVE;
				GCC_WARN_UNUSED_FUNCTION = YES;
				GCC_WARN_UNUSED_VARIABLE = YES;
				IPHONEOS_DEPLOYMENT_TARGET = 9.3;
				MTL_ENABLE_DEBUG_INFO = NO;
				SDKROOT = iphoneos;
				VALIDATE_PRODUCT = YES;
			};
			name = Release;
		};
		860A945B1CFA33CF005BF42A /* Debug */ = {
			isa = XCBuildConfiguration;
			buildSettings = {
				ASSETCATALOG_COMPILER_APPICON_NAME = AppIcon;
				CODE_SIGN_IDENTITY = "iPhone Developer";
				INFOPLIST_FILE = "Memorable Places/Info.plist";
				LD_RUNPATH_SEARCH_PATHS = "$(inherited) @executable_path/Frameworks";
				PRODUCT_BUNDLE_IDENTIFIER = "neon.Memorable-Places";
				PRODUCT_NAME = "$(TARGET_NAME)";
				SWIFT_VERSION = 3.0;
			};
			name = Debug;
		};
		860A945C1CFA33CF005BF42A /* Release */ = {
			isa = XCBuildConfiguration;
			buildSettings = {
				ASSETCATALOG_COMPILER_APPICON_NAME = AppIcon;
				CODE_SIGN_IDENTITY = "iPhone Developer";
				INFOPLIST_FILE = "Memorable Places/Info.plist";
				LD_RUNPATH_SEARCH_PATHS = "$(inherited) @executable_path/Frameworks";
				PRODUCT_BUNDLE_IDENTIFIER = "neon.Memorable-Places";
				PRODUCT_NAME = "$(TARGET_NAME)";
				SWIFT_VERSION = 3.0;
			};
			name = Release;
		};
/* End XCBuildConfiguration section */

/* Begin XCConfigurationList section */
		860A94431CFA33CF005BF42A /* Build configuration list for PBXProject "Memorable Places" */ = {
			isa = XCConfigurationList;
			buildConfigurations = (
				860A94581CFA33CF005BF42A /* Debug */,
				860A94591CFA33CF005BF42A /* Release */,
			);
			defaultConfigurationIsVisible = 0;
			defaultConfigurationName = Release;
		};
		860A945A1CFA33CF005BF42A /* Build configuration list for PBXNativeTarget "Memorable Places" */ = {
			isa = XCConfigurationList;
			buildConfigurations = (
				860A945B1CFA33CF005BF42A /* Debug */,
				860A945C1CFA33CF005BF42A /* Release */,
			);
			defaultConfigurationIsVisible = 0;
			defaultConfigurationName = Release;
		};
/* End XCConfigurationList section */
	};
	rootObject = 860A94401CFA33CF005BF42A /* Project object */;
}
